
Microsoft Visual Studio Solution File, Format Version 12.00
# Visual Studio Version 16
VisualStudioVersion = 16.0.34301.259
MinimumVisualStudioVersion = 10.0.40219.1
Project("{FAE04EC0-301F-11D3-BF4B-00C04F79EFBC}") = "WindowsFormsApp1", "WindowsFormsApp1\WindowsFormsApp1.csproj", "{DA47C052-CFF2-42BC-9AD1-0C18D539E03E}"
EndProject
Global
	GlobalSection(SolutionConfigurationPlatforms) = preSolution
		Debug|Any CPU = Debug|Any CPU
		Release|Any CPU = Release|Any CPU
	EndGlobalSection
	GlobalSection(ProjectConfigurationPlatforms) = postSolution
		{DA47C052-CFF2-42BC-9AD1-0C18D539E03E}.Debug|Any CPU.ActiveCfg = Debug|Any CPU
		{DA47C052-CFF2-42BC-9AD1-0C18D539E03E}.Debug|Any CPU.Build.0 = Debug|Any CPU
		{DA47C052-CFF2-42BC-9AD1-0C18D539E03E}.Release|Any CPU.ActiveCfg = Release|Any CPU
		{DA47C052-CFF2-42BC-9AD1-0C18D539E03E}.Release|Any CPU.Build.0 = Release|Any CPU
	EndGlobalSection
	GlobalSection(SolutionProperties) = preSolution
		HideSolutionNode = FALSE
	EndGlobalSection
	GlobalSection(ExtensibilityGlobals) = postSolution
		SolutionGuid = {917AAEFB-BE70-4878-A333-803845856715}
	EndGlobalSection
EndGlobal
